<?xml version="1.0" encoding="utf-8"?>
<Project ToolsVersion="15.0" xmlns="http://schemas.microsoft.com/developer/msbuild/2003">
  <ItemGroup>
    <Filter Include="Tests">
      <UniqueIdentifier>{5865280E-C479-50BF-8DFB-F31EF9CE4CF0}</UniqueIdentifier>
    </Filter>
    <Filter Include="Headers">
      <UniqueIdentifier>{C196CD9C-2D76-4C38-368E-D70EA2ECB299}</UniqueIdentifier>
    </Filter>
    <Filter Include="include">
      <UniqueIdentifier>{89AF369E-F58E-B539-FEA6-40106A051C9B}</UniqueIdentifier>
    </Filter>
    <Filter Include="include\Kinematics">
      <UniqueIdentifier>{6DB75EEB-599B-1F41-C2FB-1994AEFE09C3}</UniqueIdentifier>
    </Filter>
    <Filter Include="Headers\MathLib">
      <UniqueIdentifier>{BE6673CF-2AF2-E093-3303-64889F0D3D94}</UniqueIdentifier>
    </Filter>
    <Filter Include="include\SDL">
      <UniqueIdentifier>{0829D931-74DE-5127-FDD2-4BFE6987482B}</UniqueIdentifier>
    </Filter>
    <Filter Include="include\Steering">
      <UniqueIdentifier>{466544A8-325E-63FA-5B90-487F47E84206}</UniqueIdentifier>
    </Filter>
    <Filter Include="include\Steering\Delegated">
      <UniqueIdentifier>{210E9DDF-0D1E-49B0-76D7-ADCE62063849}</UniqueIdentifier>
    </Filter>
    <Filter Include="Source">
      <UniqueIdentifier>{56EB95D1-428D-C0A7-2B48-D4FB178947F8}</UniqueIdentifier>
    </Filter>
    <Filter Include="Source\MathLib">
      <UniqueIdentifier>{5380BDED-3F4E-B1F3-28E2-211A144F8D58}</UniqueIdentifier>
    </Filter>
  </ItemGroup>
  <ItemGroup>
    <ClInclude Include="..\include\agent.h">
      <Filter>Headers</Filter>
    </ClInclude>
    <ClInclude Include="..\include\Astar.h">
      <Filter>Headers</Filter>
    </ClInclude>
    <ClInclude Include="..\include\body.h">
      <Filter>Headers</Filter>
    </ClInclude>
    <ClInclude Include="..\include\debug_draw.h">
      <Filter>Headers</Filter>
    </ClInclude>
    <ClInclude Include="..\include\defines.h">
      <Filter>Headers</Filter>
    </ClInclude>
    <ClInclude Include="..\include\game.h">
      <Filter>Headers</Filter>
    </ClInclude>
    <ClInclude Include="..\include\mind.h">
      <Filter>Headers</Filter>
    </ClInclude>
    <ClInclude Include="..\include\Node.h">
      <Filter>Headers</Filter>
    </ClInclude>
    <ClInclude Include="..\include\sprite.h">
      <Filter>Headers</Filter>
    </ClInclude>
    <ClInclude Include="..\include\texture.h">
      <Filter>Headers</Filter>
    </ClInclude>
    <ClInclude Include="..\include\window.h">
      <Filter>Headers</Filter>
    </ClInclude>
    <ClInclude Include="..\include\world.h">
      <Filter>Headers</Filter>
    </ClInclude>
    <ClInclude Include="..\include\Kinematics\KinematicArrive.h">
      <Filter>include\Kinematics</Filter>
    </ClInclude>
    <ClInclude Include="..\include\Kinematics\KinematicFlee.h">
      <Filter>include\Kinematics</Filter>
    </ClInclude>
    <ClInclude Include="..\include\Kinematics\kinematicSeek.h">
      <Filter>include\Kinematics</Filter>
    </ClInclude>
    <ClInclude Include="..\include\Kinematics\KinematicWander.h">
      <Filter>include\Kinematics</Filter>
    </ClInclude>
    <ClInclude Include="..\include\mathlib\defines.h">
      <Filter>Headers\MathLib</Filter>
    </ClInclude>
    <ClInclude Include="..\include\mathlib\mat3.h">
      <Filter>Headers\MathLib</Filter>
    </ClInclude>
    <ClInclude Include="..\include\mathlib\mat4.h">
      <Filter>Headers\MathLib</Filter>
    </ClInclude>
    <ClInclude Include="..\include\mathlib\vec2.h">
      <Filter>Headers\MathLib</Filter>
    </ClInclude>
    <ClInclude Include="..\include\mathlib\vec3.h">
      <Filter>Headers\MathLib</Filter>
    </ClInclude>
    <ClInclude Include="..\include\mathlib\vec4.h">
      <Filter>Headers\MathLib</Filter>
    </ClInclude>
    <ClInclude Include="..\include\SDL\begin_code.h">
      <Filter>include\SDL</Filter>
    </ClInclude>
    <ClInclude Include="..\include\SDL\close_code.h">
      <Filter>include\SDL</Filter>
    </ClInclude>
    <ClInclude Include="..\include\SDL\SDL.h">
      <Filter>include\SDL</Filter>
    </ClInclude>
    <ClInclude Include="..\include\SDL\SDL_assert.h">
      <Filter>include\SDL</Filter>
    </ClInclude>
    <ClInclude Include="..\include\SDL\SDL_atomic.h">
      <Filter>include\SDL</Filter>
    </ClInclude>
    <ClInclude Include="..\include\SDL\SDL_audio.h">
      <Filter>include\SDL</Filter>
    </ClInclude>
    <ClInclude Include="..\include\SDL\SDL_bits.h">
      <Filter>include\SDL</Filter>
    </ClInclude>
    <ClInclude Include="..\include\SDL\SDL_blendmode.h">
      <Filter>include\SDL</Filter>
    </ClInclude>
    <ClInclude Include="..\include\SDL\SDL_clipboard.h">
      <Filter>include\SDL</Filter>
    </ClInclude>
    <ClInclude Include="..\include\SDL\SDL_config.h">
      <Filter>include\SDL</Filter>
    </ClInclude>
    <ClInclude Include="..\include\SDL\SDL_config_android.h">
      <Filter>include\SDL</Filter>
    </ClInclude>
    <ClInclude Include="..\include\SDL\SDL_config_iphoneos.h">
      <Filter>include\SDL</Filter>
    </ClInclude>
    <ClInclude Include="..\include\SDL\SDL_config_macosx.h">
      <Filter>include\SDL</Filter>
    </ClInclude>
    <ClInclude Include="..\include\SDL\SDL_config_minimal.h">
      <Filter>include\SDL</Filter>
    </ClInclude>
    <ClInclude Include="..\include\SDL\SDL_config_pandora.h">
      <Filter>include\SDL</Filter>
    </ClInclude>
    <ClInclude Include="..\include\SDL\SDL_config_psp.h">
      <Filter>include\SDL</Filter>
    </ClInclude>
    <ClInclude Include="..\include\SDL\SDL_config_windows.h">
      <Filter>include\SDL</Filter>
    </ClInclude>
    <ClInclude Include="..\include\SDL\SDL_config_winrt.h">
      <Filter>include\SDL</Filter>
    </ClInclude>
    <ClInclude Include="..\include\SDL\SDL_config_wiz.h">
      <Filter>include\SDL</Filter>
    </ClInclude>
    <ClInclude Include="..\include\SDL\SDL_copying.h">
      <Filter>include\SDL</Filter>
    </ClInclude>
    <ClInclude Include="..\include\SDL\SDL_cpuinfo.h">
      <Filter>include\SDL</Filter>
    </ClInclude>
    <ClInclude Include="..\include\SDL\SDL_egl.h">
      <Filter>include\SDL</Filter>
    </ClInclude>
    <ClInclude Include="..\include\SDL\SDL_endian.h">
      <Filter>include\SDL</Filter>
    </ClInclude>
    <ClInclude Include="..\include\SDL\SDL_error.h">
      <Filter>include\SDL</Filter>
    </ClInclude>
    <ClInclude Include="..\include\SDL\SDL_events.h">
      <Filter>include\SDL</Filter>
    </ClInclude>
    <ClInclude Include="..\include\SDL\SDL_filesystem.h">
      <Filter>include\SDL</Filter>
    </ClInclude>
    <ClInclude Include="..\include\SDL\SDL_gamecontroller.h">
      <Filter>include\SDL</Filter>
    </ClInclude>
    <ClInclude Include="..\include\SDL\SDL_gesture.h">
      <Filter>include\SDL</Filter>
    </ClInclude>
    <ClInclude Include="..\include\SDL\SDL_haptic.h">
      <Filter>include\SDL</Filter>
    </ClInclude>
    <ClInclude Include="..\include\SDL\SDL_hints.h">
      <Filter>include\SDL</Filter>
    </ClInclude>
    <ClInclude Include="..\include\SDL\SDL_image.h">
      <Filter>include\SDL</Filter>
    </ClInclude>
    <ClInclude Include="..\include\SDL\SDL_joystick.h">
      <Filter>include\SDL</Filter>
    </ClInclude>
    <ClInclude Include="..\include\SDL\SDL_keyboard.h">
      <Filter>include\SDL</Filter>
    </ClInclude>
    <ClInclude Include="..\include\SDL\SDL_keycode.h">
      <Filter>include\SDL</Filter>
    </ClInclude>
    <ClInclude Include="..\include\SDL\SDL_loadso.h">
      <Filter>include\SDL</Filter>
    </ClInclude>
    <ClInclude Include="..\include\SDL\SDL_log.h">
      <Filter>include\SDL</Filter>
    </ClInclude>
    <ClInclude Include="..\include\SDL\SDL_main.h">
      <Filter>include\SDL</Filter>
    </ClInclude>
    <ClInclude Include="..\include\SDL\SDL_messagebox.h">
      <Filter>include\SDL</Filter>
    </ClInclude>
    <ClInclude Include="..\include\SDL\SDL_mouse.h">
      <Filter>include\SDL</Filter>
    </ClInclude>
    <ClInclude Include="..\include\SDL\SDL_mutex.h">
      <Filter>include\SDL</Filter>
    </ClInclude>
    <ClInclude Include="..\include\SDL\SDL_name.h">
      <Filter>include\SDL</Filter>
    </ClInclude>
    <ClInclude Include="..\include\SDL\SDL_opengl.h">
      <Filter>include\SDL</Filter>
    </ClInclude>
    <ClInclude Include="..\include\SDL\SDL_opengles.h">
      <Filter>include\SDL</Filter>
    </ClInclude>
    <ClInclude Include="..\include\SDL\SDL_opengles2.h">
      <Filter>include\SDL</Filter>
    </ClInclude>
    <ClInclude Include="..\include\SDL\SDL_opengles2_gl2.h">
      <Filter>include\SDL</Filter>
    </ClInclude>
    <ClInclude Include="..\include\SDL\SDL_opengles2_gl2ext.h">
      <Filter>include\SDL</Filter>
    </ClInclude>
    <ClInclude Include="..\include\SDL\SDL_opengles2_gl2platform.h">
      <Filter>include\SDL</Filter>
    </ClInclude>
    <ClInclude Include="..\include\SDL\SDL_opengles2_khrplatform.h">
      <Filter>include\SDL</Filter>
    </ClInclude>
    <ClInclude Include="..\include\SDL\SDL_opengl_glext.h">
      <Filter>include\SDL</Filter>
    </ClInclude>
    <ClInclude Include="..\include\SDL\SDL_pixels.h">
      <Filter>include\SDL</Filter>
    </ClInclude>
    <ClInclude Include="..\include\SDL\SDL_platform.h">
      <Filter>include\SDL</Filter>
    </ClInclude>
    <ClInclude Include="..\include\SDL\SDL_power.h">
      <Filter>include\SDL</Filter>
    </ClInclude>
    <ClInclude Include="..\include\SDL\SDL_quit.h">
      <Filter>include\SDL</Filter>
    </ClInclude>
    <ClInclude Include="..\include\SDL\SDL_rect.h">
      <Filter>include\SDL</Filter>
    </ClInclude>
    <ClInclude Include="..\include\SDL\SDL_render.h">
      <Filter>include\SDL</Filter>
    </ClInclude>
    <ClInclude Include="..\include\SDL\SDL_revision.h">
      <Filter>include\SDL</Filter>
    </ClInclude>
    <ClInclude Include="..\include\SDL\SDL_rwops.h">
      <Filter>include\SDL</Filter>
    </ClInclude>
    <ClInclude Include="..\include\SDL\SDL_scancode.h">
      <Filter>include\SDL</Filter>
    </ClInclude>
    <ClInclude Include="..\include\SDL\SDL_shape.h">
      <Filter>include\SDL</Filter>
    </ClInclude>
    <ClInclude Include="..\include\SDL\SDL_stdinc.h">
      <Filter>include\SDL</Filter>
    </ClInclude>
    <ClInclude Include="..\include\SDL\SDL_surface.h">
      <Filter>include\SDL</Filter>
    </ClInclude>
    <ClInclude Include="..\include\SDL\SDL_system.h">
      <Filter>include\SDL</Filter>
    </ClInclude>
    <ClInclude Include="..\include\SDL\SDL_syswm.h">
      <Filter>include\SDL</Filter>
    </ClInclude>
    <ClInclude Include="..\include\SDL\SDL_test.h">
      <Filter>include\SDL</Filter>
    </ClInclude>
    <ClInclude Include="..\include\SDL\SDL_test_assert.h">
      <Filter>include\SDL</Filter>
    </ClInclude>
    <ClInclude Include="..\include\SDL\SDL_test_common.h">
      <Filter>include\SDL</Filter>
    </ClInclude>
    <ClInclude Include="..\include\SDL\SDL_test_compare.h">
      <Filter>include\SDL</Filter>
    </ClInclude>
    <ClInclude Include="..\include\SDL\SDL_test_crc32.h">
      <Filter>include\SDL</Filter>
    </ClInclude>
    <ClInclude Include="..\include\SDL\SDL_test_font.h">
      <Filter>include\SDL</Filter>
    </ClInclude>
    <ClInclude Include="..\include\SDL\SDL_test_fuzzer.h">
      <Filter>include\SDL</Filter>
    </ClInclude>
    <ClInclude Include="..\include\SDL\SDL_test_harness.h">
      <Filter>include\SDL</Filter>
    </ClInclude>
    <ClInclude Include="..\include\SDL\SDL_test_images.h">
      <Filter>include\SDL</Filter>
    </ClInclude>
    <ClInclude Include="..\include\SDL\SDL_test_log.h">
      <Filter>include\SDL</Filter>
    </ClInclude>
    <ClInclude Include="..\include\SDL\SDL_test_md5.h">
      <Filter>include\SDL</Filter>
    </ClInclude>
    <ClInclude Include="..\include\SDL\SDL_test_memory.h">
      <Filter>include\SDL</Filter>
    </ClInclude>
    <ClInclude Include="..\include\SDL\SDL_test_random.h">
      <Filter>include\SDL</Filter>
    </ClInclude>
    <ClInclude Include="..\include\SDL\SDL_thread.h">
      <Filter>include\SDL</Filter>
    </ClInclude>
    <ClInclude Include="..\include\SDL\SDL_timer.h">
      <Filter>include\SDL</Filter>
    </ClInclude>
    <ClInclude Include="..\include\SDL\SDL_touch.h">
      <Filter>include\SDL</Filter>
    </ClInclude>
    <ClInclude Include="..\include\SDL\SDL_ttf.h">
      <Filter>include\SDL</Filter>
    </ClInclude>
    <ClInclude Include="..\include\SDL\SDL_types.h">
      <Filter>include\SDL</Filter>
    </ClInclude>
    <ClInclude Include="..\include\SDL\SDL_version.h">
      <Filter>include\SDL</Filter>
    </ClInclude>
    <ClInclude Include="..\include\SDL\SDL_video.h">
      <Filter>include\SDL</Filter>
    </ClInclude>
    <ClInclude Include="..\include\SDL\SDL_vulkan.h">
      <Filter>include\SDL</Filter>
    </ClInclude>
    <ClInclude Include="..\include\Steering\Align.h">
      <Filter>include\Steering</Filter>
    </ClInclude>
    <ClInclude Include="..\include\Steering\Arrive.h">
      <Filter>include\Steering</Filter>
    </ClInclude>
    <ClInclude Include="..\include\Steering\Cohesion.h">
      <Filter>include\Steering</Filter>
    </ClInclude>
    <ClInclude Include="..\include\Steering\Flee.h">
      <Filter>include\Steering</Filter>
    </ClInclude>
    <ClInclude Include="..\include\Steering\Seek.h">
      <Filter>include\Steering</Filter>
    </ClInclude>
    <ClInclude Include="..\include\Steering\Separation.h">
      <Filter>include\Steering</Filter>
    </ClInclude>
    <ClInclude Include="..\include\Steering\VelocityMatching.h">
      <Filter>include\Steering</Filter>
    </ClInclude>
    <ClInclude Include="..\include\Steering\Delegated\Face.h">
      <Filter>include\Steering\Delegated</Filter>
    </ClInclude>
    <ClInclude Include="..\include\Steering\Delegated\Flocking.h">
      <Filter>include\Steering\Delegated</Filter>
    </ClInclude>
    <ClInclude Include="..\include\Steering\Delegated\LookGoing.h">
      <Filter>include\Steering\Delegated</Filter>
    </ClInclude>
    <ClInclude Include="..\include\Steering\Delegated\Pursue.h">
      <Filter>include\Steering\Delegated</Filter>
    </ClInclude>
    <ClInclude Include="..\include\Steering\Delegated\Wander.h">
      <Filter>include\Steering\Delegated</Filter>
    </ClInclude>
    <ClInclude Include="..\include\Read_Map.h">
      <Filter>Headers</Filter>
    </ClInclude>
  </ItemGroup>
  <ItemGroup>
    <ClCompile Include="..\tests\EJ03.AStar\main.cpp">
      <Filter>Tests</Filter>
    </ClCompile>
    <ClCompile Include="..\src\Astar.cpp">
      <Filter>Source</Filter>
    </ClCompile>
    <ClCompile Include="..\src\Node.cpp">
      <Filter>Source</Filter>
    </ClCompile>
    <ClCompile Include="..\src\agent.cc">
      <Filter>Source</Filter>
    </ClCompile>
    <ClCompile Include="..\src\body.cc">
      <Filter>Source</Filter>
    </ClCompile>
    <ClCompile Include="..\src\debug_draw.cc">
      <Filter>Source</Filter>
    </ClCompile>
    <ClCompile Include="..\src\game.cc">
      <Filter>Source</Filter>
    </ClCompile>
    <ClCompile Include="..\src\mind.cc">
      <Filter>Source</Filter>
    </ClCompile>
    <ClCompile Include="..\src\sprite.cc">
      <Filter>Source</Filter>
    </ClCompile>
    <ClCompile Include="..\src\texture.cc">
      <Filter>Source</Filter>
    </ClCompile>
    <ClCompile Include="..\src\window.cc">
      <Filter>Source</Filter>
    </ClCompile>
    <ClCompile Include="..\src\mathlib\mat3.cc">
      <Filter>Source\MathLib</Filter>
    </ClCompile>
    <ClCompile Include="..\src\mathlib\mat3_sse.cc">
      <Filter>Source\MathLib</Filter>
    </ClCompile>
    <ClCompile Include="..\src\mathlib\mat4.cc">
      <Filter>Source\MathLib</Filter>
    </ClCompile>
    <ClCompile Include="..\src\mathlib\mat4_sse.cc">
      <Filter>Source\MathLib</Filter>
    </ClCompile>
    <ClCompile Include="..\src\mathlib\vec2.cc">
      <Filter>Source\MathLib</Filter>
    </ClCompile>
    <ClCompile Include="..\src\mathlib\vec2_sse.cc">
      <Filter>Source\MathLib</Filter>
    </ClCompile>
    <ClCompile Include="..\src\mathlib\vec3.cc">
      <Filter>Source\MathLib</Filter>
    </ClCompile>
    <ClCompile Include="..\src\mathlib\vec3_sse.cc">
      <Filter>Source\MathLib</Filter>
    </ClCompile>
    <ClCompile Include="..\src\mathlib\vec4.cc">
      <Filter>Source\MathLib</Filter>
    </ClCompile>
    <ClCompile Include="..\src\mathlib\vec4_sse.cc">
      <Filter>Source\MathLib</Filter>
    </ClCompile>
    <ClCompile Include="..\read_map.cpp">
      <Filter>Source</Filter>
    </ClCompile>
  </ItemGroup>
</Project>